// !$*UTF8*$!
{
	archiveVersion = 1;
	classes = {
	};
	objectVersion = 55;
	objects = {

/* Begin PBXBuildFile section */
		2939E09E280108FD00B50CBF /* ASN1Decoder+Extras.swift in Sources */ = {isa = PBXBuildFile; fileRef = 2939E08E280108FD00B50CBF /* ASN1Decoder+Extras.swift */; };
		2939E09F280108FD00B50CBF /* ASN1Decoder+UnkeyedDecodingContainer.swift in Sources */ = {isa = PBXBuildFile; fileRef = 2939E08F280108FD00B50CBF /* ASN1Decoder+UnkeyedDecodingContainer.swift */; };
		2939E0A0280108FD00B50CBF /* ASN1Decoder+Unboxing.swift in Sources */ = {isa = PBXBuildFile; fileRef = 2939E090280108FD00B50CBF /* ASN1Decoder+Unboxing.swift */; };
		2939E0A1280108FD00B50CBF /* ASN1Decoder+KeyedDecodingContainer.swift in Sources */ = {isa = PBXBuildFile; fileRef = 2939E091280108FD00B50CBF /* ASN1Decoder+KeyedDecodingContainer.swift */; };
		2939E0A2280108FD00B50CBF /* ASN1Templates.swift in Sources */ = {isa = PBXBuildFile; fileRef = 2939E092280108FD00B50CBF /* ASN1Templates.swift */; };
		2939E0A3280108FD00B50CBF /* ASN1Swift.h in Headers */ = {isa = PBXBuildFile; fileRef = 2939E093280108FD00B50CBF /* ASN1Swift.h */; settings = {ATTRIBUTES = (Public, ); }; };
		2939E0A4280108FD00B50CBF /* DecodingError+Extensions.swift in Sources */ = {isa = PBXBuildFile; fileRef = 2939E094280108FD00B50CBF /* DecodingError+Extensions.swift */; };
		2939E0A5280108FD00B50CBF /* ASN1Decoder+SingleValueContainer.swift in Sources */ = {isa = PBXBuildFile; fileRef = 2939E095280108FD00B50CBF /* ASN1Decoder+SingleValueContainer.swift */; };
		2939E0A6280108FD00B50CBF /* ASN1Types.swift in Sources */ = {isa = PBXBuildFile; fileRef = 2939E096280108FD00B50CBF /* ASN1Types.swift */; };
		2939E0A7280108FD00B50CBF /* ASN1Serialization.swift in Sources */ = {isa = PBXBuildFile; fileRef = 2939E097280108FD00B50CBF /* ASN1Serialization.swift */; };
		2939E0A8280108FD00B50CBF /* ASN1Decoder+Utils.swift in Sources */ = {isa = PBXBuildFile; fileRef = 2939E098280108FD00B50CBF /* ASN1Decoder+Utils.swift */; };
		2939E0A9280108FD00B50CBF /* ASN1Decoder.swift in Sources */ = {isa = PBXBuildFile; fileRef = 2939E099280108FD00B50CBF /* ASN1Decoder.swift */; };
		2939E0AA280108FD00B50CBF /* PKCS7.swift in Sources */ = {isa = PBXBuildFile; fileRef = 2939E09B280108FD00B50CBF /* PKCS7.swift */; };
		2939E0AB280108FD00B50CBF /* ASN1Coder.swift in Sources */ = {isa = PBXBuildFile; fileRef = 2939E09C280108FD00B50CBF /* ASN1Coder.swift */; };
		2939E0AC280108FD00B50CBF /* Foundation+ASN1Coder.swift in Sources */ = {isa = PBXBuildFile; fileRef = 2939E09D280108FD00B50CBF /* Foundation+ASN1Coder.swift */; };
		2939E0B92801096B00B50CBF /* ASN1Swift.h in Headers */ = {isa = PBXBuildFile; fileRef = 2939E093280108FD00B50CBF /* ASN1Swift.h */; settings = {ATTRIBUTES = (Public, ); }; };
/* End PBXBuildFile section */

/* Begin PBXFileReference section */
		2939E083280108D900B50CBF /* ASN1Swift.framework */ = {isa = PBXFileReference; explicitFileType = wrapper.framework; includeInIndex = 0; path = ASN1Swift.framework; sourceTree = BUILT_PRODUCTS_DIR; };
		2939E08E280108FD00B50CBF /* ASN1Decoder+Extras.swift */ = {isa = PBXFileReference; fileEncoding = 4; lastKnownFileType = sourcecode.swift; path = "ASN1Decoder+Extras.swift"; sourceTree = "<group>"; };
		2939E08F280108FD00B50CBF /* ASN1Decoder+UnkeyedDecodingContainer.swift */ = {isa = PBXFileReference; fileEncoding = 4; lastKnownFileType = sourcecode.swift; path = "ASN1Decoder+UnkeyedDecodingContainer.swift"; sourceTree = "<group>"; };
		2939E090280108FD00B50CBF /* ASN1Decoder+Unboxing.swift */ = {isa = PBXFileReference; fileEncoding = 4; lastKnownFileType = sourcecode.swift; path = "ASN1Decoder+Unboxing.swift"; sourceTree = "<group>"; };
		2939E091280108FD00B50CBF /* ASN1Decoder+KeyedDecodingContainer.swift */ = {isa = PBXFileReference; fileEncoding = 4; lastKnownFileType = sourcecode.swift; path = "ASN1Decoder+KeyedDecodingContainer.swift"; sourceTree = "<group>"; };
		2939E092280108FD00B50CBF /* ASN1Templates.swift */ = {isa = PBXFileReference; fileEncoding = 4; lastKnownFileType = sourcecode.swift; path = ASN1Templates.swift; sourceTree = "<group>"; };
		2939E093280108FD00B50CBF /* ASN1Swift.h */ = {isa = PBXFileReference; fileEncoding = 4; lastKnownFileType = sourcecode.c.h; path = ASN1Swift.h; sourceTree = "<group>"; };
		2939E094280108FD00B50CBF /* DecodingError+Extensions.swift */ = {isa = PBXFileReference; fileEncoding = 4; lastKnownFileType = sourcecode.swift; path = "DecodingError+Extensions.swift"; sourceTree = "<group>"; };
		2939E095280108FD00B50CBF /* ASN1Decoder+SingleValueContainer.swift */ = {isa = PBXFileReference; fileEncoding = 4; lastKnownFileType = sourcecode.swift; path = "ASN1Decoder+SingleValueContainer.swift"; sourceTree = "<group>"; };
		2939E096280108FD00B50CBF /* ASN1Types.swift */ = {isa = PBXFileReference; fileEncoding = 4; lastKnownFileType = sourcecode.swift; path = ASN1Types.swift; sourceTree = "<group>"; };
		2939E097280108FD00B50CBF /* ASN1Serialization.swift */ = {isa = PBXFileReference; fileEncoding = 4; lastKnownFileType = sourcecode.swift; path = ASN1Serialization.swift; sourceTree = "<group>"; };
		2939E098280108FD00B50CBF /* ASN1Decoder+Utils.swift */ = {isa = PBXFileReference; fileEncoding = 4; lastKnownFileType = sourcecode.swift; path = "ASN1Decoder+Utils.swift"; sourceTree = "<group>"; };
		2939E099280108FD00B50CBF /* ASN1Decoder.swift */ = {isa = PBXFileReference; fileEncoding = 4; lastKnownFileType = sourcecode.swift; path = ASN1Decoder.swift; sourceTree = "<group>"; };
		2939E09B280108FD00B50CBF /* PKCS7.swift */ = {isa = PBXFileReference; fileEncoding = 4; lastKnownFileType = sourcecode.swift; path = PKCS7.swift; sourceTree = "<group>"; };
		2939E09C280108FD00B50CBF /* ASN1Coder.swift */ = {isa = PBXFileReference; fileEncoding = 4; lastKnownFileType = sourcecode.swift; path = ASN1Coder.swift; sourceTree = "<group>"; };
		2939E09D280108FD00B50CBF /* Foundation+ASN1Coder.swift */ = {isa = PBXFileReference; fileEncoding = 4; lastKnownFileType = sourcecode.swift; path = "Foundation+ASN1Coder.swift"; sourceTree = "<group>"; };
		2939E0B22801093000B50CBF /* ASN1Swift.framework */ = {isa = PBXFileReference; explicitFileType = wrapper.framework; includeInIndex = 0; path = ASN1Swift.framework; sourceTree = BUILT_PRODUCTS_DIR; };
/* End PBXFileReference section */

/* Begin PBXFrameworksBuildPhase section */
		2939E080280108D900B50CBF /* Frameworks */ = {
			isa = PBXFrameworksBuildPhase;
			buildActionMask = 2147483647;
			files = (
			);
			runOnlyForDeploymentPostprocessing = 0;
		};
		2939E0AF2801093000B50CBF /* Frameworks */ = {
			isa = PBXFrameworksBuildPhase;
			buildActionMask = 2147483647;
			files = (
			);
			runOnlyForDeploymentPostprocessing = 0;
		};
/* End PBXFrameworksBuildPhase section */

/* Begin PBXGroup section */
		2939E079280108D900B50CBF = {
			isa = PBXGroup;
			children = (
				2939E08D280108FD00B50CBF /* ASN1Swift */,
				2939E084280108D900B50CBF /* Products */,
			);
			sourceTree = "<group>";
		};
		2939E084280108D900B50CBF /* Products */ = {
			isa = PBXGroup;
			children = (
				2939E083280108D900B50CBF /* ASN1Swift.framework */,
				2939E0B22801093000B50CBF /* ASN1Swift.framework */,
			);
			name = Products;
			sourceTree = "<group>";
		};
		2939E08D280108FD00B50CBF /* ASN1Swift */ = {
			isa = PBXGroup;
			children = (
				2939E08E280108FD00B50CBF /* ASN1Decoder+Extras.swift */,
				2939E08F280108FD00B50CBF /* ASN1Decoder+UnkeyedDecodingContainer.swift */,
				2939E090280108FD00B50CBF /* ASN1Decoder+Unboxing.swift */,
				2939E091280108FD00B50CBF /* ASN1Decoder+KeyedDecodingContainer.swift */,
				2939E092280108FD00B50CBF /* ASN1Templates.swift */,
				2939E093280108FD00B50CBF /* ASN1Swift.h */,
				2939E094280108FD00B50CBF /* DecodingError+Extensions.swift */,
				2939E095280108FD00B50CBF /* ASN1Decoder+SingleValueContainer.swift */,
				2939E096280108FD00B50CBF /* ASN1Types.swift */,
				2939E097280108FD00B50CBF /* ASN1Serialization.swift */,
				2939E098280108FD00B50CBF /* ASN1Decoder+Utils.swift */,
				2939E099280108FD00B50CBF /* ASN1Decoder.swift */,
				2939E09A280108FD00B50CBF /* PKCS7 */,
				2939E09C280108FD00B50CBF /* ASN1Coder.swift */,
				2939E09D280108FD00B50CBF /* Foundation+ASN1Coder.swift */,
			);
			name = ASN1Swift;
			path = Sources/ASN1Swift;
			sourceTree = "<group>";
		};
		2939E09A280108FD00B50CBF /* PKCS7 */ = {
			isa = PBXGroup;
			children = (
				2939E09B280108FD00B50CBF /* PKCS7.swift */,
			);
			path = PKCS7;
			sourceTree = "<group>";
		};
/* End PBXGroup section */

/* Begin PBXHeadersBuildPhase section */
		2939E07E280108D900B50CBF /* Headers */ = {
			isa = PBXHeadersBuildPhase;
			buildActionMask = 2147483647;
			files = (
				2939E0A3280108FD00B50CBF /* ASN1Swift.h in Headers */,
			);
			runOnlyForDeploymentPostprocessing = 0;
		};
		2939E0AD2801093000B50CBF /* Headers */ = {
			isa = PBXHeadersBuildPhase;
			buildActionMask = 2147483647;
			files = (
				2939E0B92801096B00B50CBF /* ASN1Swift.h in Headers */,
			);
			runOnlyForDeploymentPostprocessing = 0;
		};
/* End PBXHeadersBuildPhase section */

/* Begin PBXNativeTarget section */
		2939E082280108D900B50CBF /* ASN1Swift */ = {
			isa = PBXNativeTarget;
			buildConfigurationList = 2939E08A280108D900B50CBF /* Build configuration list for PBXNativeTarget "ASN1Swift" */;
			buildPhases = (
				2939E07E280108D900B50CBF /* Headers */,
				2939E07F280108D900B50CBF /* Sources */,
				2939E080280108D900B50CBF /* Frameworks */,
				2939E081280108D900B50CBF /* Resources */,
			);
			buildRules = (
			);
			dependencies = (
			);
			name = ASN1Swift;
			productName = ASN1Swift;
			productReference = 2939E083280108D900B50CBF /* ASN1Swift.framework */;
			productType = "com.apple.product-type.framework";
		};
		2939E0B12801093000B50CBF /* ASN1Swift-iOS */ = {
			isa = PBXNativeTarget;
			buildConfigurationList = 2939E0B62801093000B50CBF /* Build configuration list for PBXNativeTarget "ASN1Swift-iOS" */;
			buildPhases = (
				2939E0AD2801093000B50CBF /* Headers */,
				2939E0AE2801093000B50CBF /* Sources */,
				2939E0AF2801093000B50CBF /* Frameworks */,
				2939E0B02801093000B50CBF /* Resources */,
			);
			buildRules = (
			);
			dependencies = (
			);
			name = "ASN1Swift-iOS";
			productName = "ASN1Swift-iOS";
			productReference = 2939E0B22801093000B50CBF /* ASN1Swift.framework */;
			productType = "com.apple.product-type.framework";
		};
/* End PBXNativeTarget section */

/* Begin PBXProject section */
		2939E07A280108D900B50CBF /* Project object */ = {
			isa = PBXProject;
			attributes = {
				BuildIndependentTargetsInParallel = 1;
				LastUpgradeCheck = 1330;
				TargetAttributes = {
					2939E082280108D900B50CBF = {
						CreatedOnToolsVersion = 13.3;
					};
					2939E0B12801093000B50CBF = {
						CreatedOnToolsVersion = 13.3;
					};
				};
			};
			buildConfigurationList = 2939E07D280108D900B50CBF /* Build configuration list for PBXProject "ASN1Swift" */;
			compatibilityVersion = "Xcode 13.0";
			developmentRegion = en;
			hasScannedForEncodings = 0;
			knownRegions = (
				en,
				Base,
			);
			mainGroup = 2939E079280108D900B50CBF;
			productRefGroup = 2939E084280108D900B50CBF /* Products */;
			projectDirPath = "";
			projectRoot = "";
			targets = (
				2939E082280108D900B50CBF /* ASN1Swift */,
				2939E0B12801093000B50CBF /* ASN1Swift-iOS */,
			);
		};
/* End PBXProject section */

/* Begin PBXResourcesBuildPhase section */
		2939E081280108D900B50CBF /* Resources */ = {
			isa = PBXResourcesBuildPhase;
			buildActionMask = 2147483647;
			files = (
			);
			runOnlyForDeploymentPostprocessing = 0;
		};
		2939E0B02801093000B50CBF /* Resources */ = {
			isa = PBXResourcesBuildPhase;
			buildActionMask = 2147483647;
			files = (
			);
			runOnlyForDeploymentPostprocessing = 0;
		};
/* End PBXResourcesBuildPhase section */

/* Begin PBXSourcesBuildPhase section */
		2939E07F280108D900B50CBF /* Sources */ = {
			isa = PBXSourcesBuildPhase;
			buildActionMask = 2147483647;
			files = (
				2939E09F280108FD00B50CBF /* ASN1Decoder+UnkeyedDecodingContainer.swift in Sources */,
				2939E0A5280108FD00B50CBF /* ASN1Decoder+SingleValueContainer.swift in Sources */,
				2939E0A6280108FD00B50CBF /* ASN1Types.swift in Sources */,
				2939E0A4280108FD00B50CBF /* DecodingError+Extensions.swift in Sources */,
				2939E0A1280108FD00B50CBF /* ASN1Decoder+KeyedDecodingContainer.swift in Sources */,
				2939E0AC280108FD00B50CBF /* Foundation+ASN1Coder.swift in Sources */,
				2939E0A8280108FD00B50CBF /* ASN1Decoder+Utils.swift in Sources */,
				2939E0AA280108FD00B50CBF /* PKCS7.swift in Sources */,
				2939E0A9280108FD00B50CBF /* ASN1Decoder.swift in Sources */,
				2939E0A7280108FD00B50CBF /* ASN1Serialization.swift in Sources */,
				2939E09E280108FD00B50CBF /* ASN1Decoder+Extras.swift in Sources */,
				2939E0AB280108FD00B50CBF /* ASN1Coder.swift in Sources */,
				2939E0A2280108FD00B50CBF /* ASN1Templates.swift in Sources */,
				2939E0A0280108FD00B50CBF /* ASN1Decoder+Unboxing.swift in Sources */,
			);
			runOnlyForDeploymentPostprocessing = 0;
		};
		2939E0AE2801093000B50CBF /* Sources */ = {
			isa = PBXSourcesBuildPhase;
			buildActionMask = 2147483647;
			files = (
			);
			runOnlyForDeploymentPostprocessing = 0;
		};
/* End PBXSourcesBuildPhase section */

/* Begin XCBuildConfiguration section */
		2939E088280108D900B50CBF /* Debug */ = {
			isa = XCBuildConfiguration;
			buildSettings = {
				ALWAYS_SEARCH_USER_PATHS = NO;
				CLANG_ANALYZER_NONNULL = YES;
				CLANG_ANALYZER_NUMBER_OBJECT_CONVERSION = YES_AGGRESSIVE;
				CLANG_CXX_LANGUAGE_STANDARD = "gnu++17";
				CLANG_ENABLE_MODULES = YES;
				CLANG_ENABLE_OBJC_ARC = YES;
				CLANG_ENABLE_OBJC_WEAK = YES;
				CLANG_WARN_BLOCK_CAPTURE_AUTORELEASING = YES;
				CLANG_WARN_BOOL_CONVERSION = YES;
				CLANG_WARN_COMMA = YES;
				CLANG_WARN_CONSTANT_CONVERSION = YES;
				CLANG_WARN_DEPRECATED_OBJC_IMPLEMENTATIONS = YES;
				CLANG_WARN_DIRECT_OBJC_ISA_USAGE = YES_ERROR;
				CLANG_WARN_DOCUMENTATION_COMMENTS = YES;
				CLANG_WARN_EMPTY_BODY = YES;
				CLANG_WARN_ENUM_CONVERSION = YES;
				CLANG_WARN_INFINITE_RECURSION = YES;
				CLANG_WARN_INT_CONVERSION = YES;
				CLANG_WARN_NON_LITERAL_NULL_CONVERSION = YES;
				CLANG_WARN_OBJC_IMPLICIT_RETAIN_SELF = YES;
				CLANG_WARN_OBJC_LITERAL_CONVERSION = YES;
				CLANG_WARN_OBJC_ROOT_CLASS = YES_ERROR;
				CLANG_WARN_QUOTED_INCLUDE_IN_FRAMEWORK_HEADER = YES;
				CLANG_WARN_RANGE_LOOP_ANALYSIS = YES;
				CLANG_WARN_STRICT_PROTOTYPES = YES;
				CLANG_WARN_SUSPICIOUS_MOVE = YES;
				CLANG_WARN_UNGUARDED_AVAILABILITY = YES_AGGRESSIVE;
				CLANG_WARN_UNREACHABLE_CODE = YES;
				CLANG_WARN__DUPLICATE_METHOD_MATCH = YES;
				COPY_PHASE_STRIP = NO;
				CURRENT_PROJECT_VERSION = 1;
				DEBUG_INFORMATION_FORMAT = dwarf;
				DEFINES_MODULE = YES;
				ENABLE_STRICT_OBJC_MSGSEND = YES;
				ENABLE_TESTABILITY = YES;
				GCC_C_LANGUAGE_STANDARD = gnu11;
				GCC_DYNAMIC_NO_PIC = NO;
				GCC_NO_COMMON_BLOCKS = YES;
				GCC_OPTIMIZATION_LEVEL = 0;
				GCC_PREPROCESSOR_DEFINITIONS = (
					"DEBUG=1",
					"$(inherited)",
				);
				GCC_WARN_64_TO_32_BIT_CONVERSION = YES;
				GCC_WARN_ABOUT_RETURN_TYPE = YES_ERROR;
				GCC_WARN_UNDECLARED_SELECTOR = YES;
				GCC_WARN_UNINITIALIZED_AUTOS = YES_AGGRESSIVE;
				GCC_WARN_UNUSED_FUNCTION = YES;
				GCC_WARN_UNUSED_VARIABLE = YES;
				IPHONEOS_DEPLOYMENT_TARGET = 13.0;
				MACH_O_TYPE = mh_dylib;
				MACOSX_DEPLOYMENT_TARGET = 10.12;
				MTL_ENABLE_DEBUG_INFO = INCLUDE_SOURCE;
				MTL_FAST_MATH = YES;
				ONLY_ACTIVE_ARCH = YES;
				PRODUCT_MODULE_NAME = ASN1Swift;
				SDKROOT = macosx;
				SWIFT_ACTIVE_COMPILATION_CONDITIONS = DEBUG;
				SWIFT_OPTIMIZATION_LEVEL = "-Onone";
				VERSIONING_SYSTEM = "apple-generic";
				VERSION_INFO_PREFIX = "";
			};
			name = Debug;
		};
		2939E089280108D900B50CBF /* Release */ = {
			isa = XCBuildConfiguration;
			buildSettings = {
				ALWAYS_SEARCH_USER_PATHS = NO;
				CLANG_ANALYZER_NONNULL = YES;
				CLANG_ANALYZER_NUMBER_OBJECT_CONVERSION = YES_AGGRESSIVE;
				CLANG_CXX_LANGUAGE_STANDARD = "gnu++17";
				CLANG_ENABLE_MODULES = YES;
				CLANG_ENABLE_OBJC_ARC = YES;
				CLANG_ENABLE_OBJC_WEAK = YES;
				CLANG_WARN_BLOCK_CAPTURE_AUTORELEASING = YES;
				CLANG_WARN_BOOL_CONVERSION = YES;
				CLANG_WARN_COMMA = YES;
				CLANG_WARN_CONSTANT_CONVERSION = YES;
				CLANG_WARN_DEPRECATED_OBJC_IMPLEMENTATIONS = YES;
				CLANG_WARN_DIRECT_OBJC_ISA_USAGE = YES_ERROR;
				CLANG_WARN_DOCUMENTATION_COMMENTS = YES;
				CLANG_WARN_EMPTY_BODY = YES;
				CLANG_WARN_ENUM_CONVERSION = YES;
				CLANG_WARN_INFINITE_RECURSION = YES;
				CLANG_WARN_INT_CONVERSION = YES;
				CLANG_WARN_NON_LITERAL_NULL_CONVERSION = YES;
				CLANG_WARN_OBJC_IMPLICIT_RETAIN_SELF = YES;
				CLANG_WARN_OBJC_LITERAL_CONVERSION = YES;
				CLANG_WARN_OBJC_ROOT_CLASS = YES_ERROR;
				CLANG_WARN_QUOTED_INCLUDE_IN_FRAMEWORK_HEADER = YES;
				CLANG_WARN_RANGE_LOOP_ANALYSIS = YES;
				CLANG_WARN_STRICT_PROTOTYPES = YES;
				CLANG_WARN_SUSPICIOUS_MOVE = YES;
				CLANG_WARN_UNGUARDED_AVAILABILITY = YES_AGGRESSIVE;
				CLANG_WARN_UNREACHABLE_CODE = YES;
				CLANG_WARN__DUPLICATE_METHOD_MATCH = YES;
				COPY_PHASE_STRIP = NO;
				CURRENT_PROJECT_VERSION = 1;
				DEBUG_INFORMATION_FORMAT = "dwarf-with-dsym";
				DEFINES_MODULE = YES;
				ENABLE_NS_ASSERTIONS = NO;
				ENABLE_STRICT_OBJC_MSGSEND = YES;
				GCC_C_LANGUAGE_STANDARD = gnu11;
				GCC_NO_COMMON_BLOCKS = YES;
				GCC_WARN_64_TO_32_BIT_CONVERSION = YES;
				GCC_WARN_ABOUT_RETURN_TYPE = YES_ERROR;
				GCC_WARN_UNDECLARED_SELECTOR = YES;
				GCC_WARN_UNINITIALIZED_AUTOS = YES_AGGRESSIVE;
				GCC_WARN_UNUSED_FUNCTION = YES;
				GCC_WARN_UNUSED_VARIABLE = YES;
				IPHONEOS_DEPLOYMENT_TARGET = 13.0;
				MACH_O_TYPE = mh_dylib;
				MACOSX_DEPLOYMENT_TARGET = 10.12;
				MTL_ENABLE_DEBUG_INFO = NO;
				MTL_FAST_MATH = YES;
				PRODUCT_MODULE_NAME = ASN1Swift;
				SDKROOT = macosx;
				SWIFT_COMPILATION_MODE = wholemodule;
				SWIFT_OPTIMIZATION_LEVEL = "-O";
				VERSIONING_SYSTEM = "apple-generic";
				VERSION_INFO_PREFIX = "";
			};
			name = Release;
		};
		2939E08B280108D900B50CBF /* Debug */ = {
			isa = XCBuildConfiguration;
			buildSettings = {
				CODE_SIGN_STYLE = Manual;
				COMBINE_HIDPI_IMAGES = YES;
				CURRENT_PROJECT_VERSION = 1;
				DEFINES_MODULE = YES;
				DEVELOPMENT_TEAM = "";
				DYLIB_COMPATIBILITY_VERSION = 1;
				DYLIB_CURRENT_VERSION = 1;
				DYLIB_INSTALL_NAME_BASE = "@rpath";
				GENERATE_INFOPLIST_FILE = YES;
				INFOPLIST_KEY_NSHumanReadableCopyright = "";
				INSTALL_PATH = "$(LOCAL_LIBRARY_DIR)/Frameworks";
				LD_RUNPATH_SEARCH_PATHS = (
					"$(inherited)",
					"@executable_path/../Frameworks",
					"@loader_path/Frameworks",
				);
				MACOSX_DEPLOYMENT_TARGET = 10.15;
				MARKETING_VERSION = 1.0;
				MERGEABLE_LIBRARY = YES;
				PRODUCT_BUNDLE_IDENTIFIER = com.beehive.ASN1Swift;
				PRODUCT_NAME = "$(TARGET_NAME:c99extidentifier)";
				PROVISIONING_PROFILE_SPECIFIER = "";
				SKIP_INSTALL = YES;
				SWIFT_EMIT_LOC_STRINGS = YES;
				SWIFT_VERSION = 5.0;
			};
			name = Debug;
		};
		2939E08C280108D900B50CBF /* Release */ = {
			isa = XCBuildConfiguration;
			buildSettings = {
				CODE_SIGN_STYLE = Manual;
				COMBINE_HIDPI_IMAGES = YES;
				CURRENT_PROJECT_VERSION = 1;
				DEFINES_MODULE = YES;
				DEVELOPMENT_TEAM = "";
				DYLIB_COMPATIBILITY_VERSION = 1;
				DYLIB_CURRENT_VERSION = 1;
				DYLIB_INSTALL_NAME_BASE = "@rpath";
				GENERATE_INFOPLIST_FILE = YES;
				INFOPLIST_KEY_NSHumanReadableCopyright = "";
				INSTALL_PATH = "$(LOCAL_LIBRARY_DIR)/Frameworks";
				LD_RUNPATH_SEARCH_PATHS = (
					"$(inherited)",
					"@executable_path/../Frameworks",
					"@loader_path/Frameworks",
				);
				MACOSX_DEPLOYMENT_TARGET = 10.15;
				MARKETING_VERSION = 1.0;
				MERGEABLE_LIBRARY = YES;
				PRODUCT_BUNDLE_IDENTIFIER = com.beehive.ASN1Swift;
				PRODUCT_NAME = "$(TARGET_NAME:c99extidentifier)";
				PROVISIONING_PROFILE_SPECIFIER = "";
				SKIP_INSTALL = YES;
				SWIFT_EMIT_LOC_STRINGS = YES;
				SWIFT_VERSION = 5.0;
			};
			name = Release;
		};
		2939E0B72801093000B50CBF /* Debug */ = {
			isa = XCBuildConfiguration;
			buildSettings = {
				CODE_SIGN_STYLE = Manual;
				CURRENT_PROJECT_VERSION = 1;
				DEFINES_MODULE = YES;
				DEVELOPMENT_TEAM = "";
				DYLIB_COMPATIBILITY_VERSION = 1;
				DYLIB_CURRENT_VERSION = 1;
				DYLIB_INSTALL_NAME_BASE = "@rpath";
				GENERATE_INFOPLIST_FILE = YES;
				INFOPLIST_KEY_NSHumanReadableCopyright = "";
				INSTALL_PATH = "$(LOCAL_LIBRARY_DIR)/Frameworks";
				IPHONEOS_DEPLOYMENT_TARGET = 13.0;
				LD_RUNPATH_SEARCH_PATHS = (
					"$(inherited)",
					"@executable_path/Frameworks",
					"@loader_path/Frameworks",
				);
				MARKETING_VERSION = 1.0;
				MERGEABLE_LIBRARY = YES;
				PRODUCT_BUNDLE_IDENTIFIER = "com.beehive.ASN1Swift-iOS";
				PRODUCT_NAME = ASN1Swift;
				PROVISIONING_PROFILE_SPECIFIER = "";
				"PROVISIONING_PROFILE_SPECIFIER[sdk=macosx*]" = "";
				SDKROOT = iphoneos;
				SKIP_INSTALL = YES;
				SWIFT_EMIT_LOC_STRINGS = YES;
				SWIFT_VERSION = 5.0;
				TARGETED_DEVICE_FAMILY = "1,2";
			};
			name = Debug;
		};
		2939E0B82801093000B50CBF /* Release */ = {
			isa = XCBuildConfiguration;
			buildSettings = {
				CODE_SIGN_STYLE = Manual;
				CURRENT_PROJECT_VERSION = 1;
				DEFINES_MODULE = YES;
				DEVELOPMENT_TEAM = "";
				DYLIB_COMPATIBILITY_VERSION = 1;
				DYLIB_CURRENT_VERSION = 1;
				DYLIB_INSTALL_NAME_BASE = "@rpath";
				GENERATE_INFOPLIST_FILE = YES;
				INFOPLIST_KEY_NSHumanReadableCopyright = "";
				INSTALL_PATH = "$(LOCAL_LIBRARY_DIR)/Frameworks";
				IPHONEOS_DEPLOYMENT_TARGET = 13.0;
				LD_RUNPATH_SEARCH_PATHS = (
					"$(inherited)",
					"@executable_path/Frameworks",
					"@loader_path/Frameworks",
				);
				MARKETING_VERSION = 1.0;
				MERGEABLE_LIBRARY = YES;
				PRODUCT_BUNDLE_IDENTIFIER = "com.beehive.ASN1Swift-iOS";
				PRODUCT_NAME = ASN1Swift;
				PROVISIONING_PROFILE_SPECIFIER = "";
				"PROVISIONING_PROFILE_SPECIFIER[sdk=macosx*]" = "";
				SDKROOT = iphoneos;
				SKIP_INSTALL = YES;
				SWIFT_EMIT_LOC_STRINGS = YES;
				SWIFT_VERSION = 5.0;
				TARGETED_DEVICE_FAMILY = "1,2";
				VALIDATE_PRODUCT = YES;
			};
			name = Release;
		};
/* End XCBuildConfiguration section */

/* Begin XCConfigurationList section */
		2939E07D280108D900B50CBF /* Build configuration list for PBXProject "ASN1Swift" */ = {
			isa = XCConfigurationList;
			buildConfigurations = (
				2939E088280108D900B50CBF /* Debug */,
				2939E089280108D900B50CBF /* Release */,
			);
			defaultConfigurationIsVisible = 0;
			defaultConfigurationName = Release;
		};
		2939E08A280108D900B50CBF /* Build configuration list for PBXNativeTarget "ASN1Swift" */ = {
			isa = XCConfigurationList;
			buildConfigurations = (
				2939E08B280108D900B50CBF /* Debug */,
				2939E08C280108D900B50CBF /* Release */,
			);
			defaultConfigurationIsVisible = 0;
			defaultConfigurationName = Release;
		};
		2939E0B62801093000B50CBF /* Build configuration list for PBXNativeTarget "ASN1Swift-iOS" */ = {
			isa = XCConfigurationList;
			buildConfigurations = (
				2939E0B72801093000B50CBF /* Debug */,
				2939E0B82801093000B50CBF /* Release */,
			);
			defaultConfigurationIsVisible = 0;
			defaultConfigurationName = Release;
		};
/* End XCConfigurationList section */
	};
	rootObject = 2939E07A280108D900B50CBF /* Project object */;
}
